// !$*UTF8*$!
{
	archiveVersion = 1;
	classes = {
	};
	objectVersion = 46;
	objects = {

/* Begin PBXBuildFile section */
		15006772153D9376003B9A79 /* start_large_press.png in Resources */ = {isa = PBXBuildFile; fileRef = 15006770153D9376003B9A79 /* start_large_press.png */; };
		1519B7281603518100364066 /* app_icon_iPhone.png in Resources */ = {isa = PBXBuildFile; fileRef = 1519B7271603518100364066 /* app_icon_iPhone.png */; };
		1519B72B1603518400364066 /* app_icon_iPhone@2x.png in Resources */ = {isa = PBXBuildFile; fileRef = 1519B72A1603518400364066 /* app_icon_iPhone@2x.png */; };
		1519B72D1603518700364066 /* app_icon_iPad.png in Resources */ = {isa = PBXBuildFile; fileRef = 1519B72C1603518700364066 /* app_icon_iPad.png */; };
		1519B72F1603518900364066 /* app_icon_iPad@2x.png in Resources */ = {isa = PBXBuildFile; fileRef = 1519B72E1603518900364066 /* app_icon_iPad@2x.png */; };
		1519B731160351A100364066 /* Default-Portrait@2x~ipad.png in Resources */ = {isa = PBXBuildFile; fileRef = 1519B730160351A100364066 /* Default-Portrait@2x~ipad.png */; };
		151E5D321525B3EF00BE66B7 /* VideoPlayerHelper.m in Sources */ = {isa = PBXBuildFile; fileRef = 151E5D311525B3EF00BE66B7 /* VideoPlayerHelper.m */; };
		152157D8153CACE4009DE1FF /* InfoView.m in Sources */ = {isa = PBXBuildFile; fileRef = 152157D7153CACE4009DE1FF /* InfoView.m */; };
		152157DF153CC24B009DE1FF /* start_large.png in Resources */ = {isa = PBXBuildFile; fileRef = 152157DE153CC24B009DE1FF /* start_large.png */; };
		152157E1153CC3F2009DE1FF /* start_medium.png in Resources */ = {isa = PBXBuildFile; fileRef = 152157E0153CC3F2009DE1FF /* start_medium.png */; };
		152157E3153CCCC1009DE1FF /* icon_error.png in Resources */ = {isa = PBXBuildFile; fileRef = 152157E2153CCCC1009DE1FF /* icon_error.png */; };
		1526F6D016380ED5006408F8 /* Default-Landscape~ipad.png in Resources */ = {isa = PBXBuildFile; fileRef = 1526F6CF16380ED5006408F8 /* Default-Landscape~ipad.png */; };
		1526F6D316380ED8006408F8 /* Default-Landscape@2x~ipad.png in Resources */ = {isa = PBXBuildFile; fileRef = 1526F6D216380ED8006408F8 /* Default-Landscape@2x~ipad.png */; };
		153DD8401546AADD007A1B45 /* cf in Resources */ = {isa = PBXBuildFile; fileRef = 153DD83C1546AADD007A1B45 /* cf */; };
		156617C8153C23F1005018C4 /* icon_loading.png in Resources */ = {isa = PBXBuildFile; fileRef = 156617C6153C23F1005018C4 /* icon_loading.png */; };
		159E01D01538710D00DA208A /* SampleMath.cpp in Sources */ = {isa = PBXBuildFile; fileRef = 159E01CE1538710D00DA208A /* SampleMath.cpp */; };
		15B2A99A1520A27C00138A7D /* UIKit.framework in Frameworks */ = {isa = PBXBuildFile; fileRef = 15B2A9991520A27C00138A7D /* UIKit.framework */; };
		15B2A99C1520A27C00138A7D /* Foundation.framework in Frameworks */ = {isa = PBXBuildFile; fileRef = 15B2A99B1520A27C00138A7D /* Foundation.framework */; };
		15B2A99E1520A27C00138A7D /* CoreGraphics.framework in Frameworks */ = {isa = PBXBuildFile; fileRef = 15B2A99D1520A27C00138A7D /* CoreGraphics.framework */; };
		15B2A9A71520A27C00138A7D /* main.m in Sources */ = {isa = PBXBuildFile; fileRef = 15B2A9A61520A27C00138A7D /* main.m */; };
		15B2A9AA1520A27C00138A7D /* VideoPlaybackAppDelegate.mm in Sources */ = {isa = PBXBuildFile; fileRef = 15B2A9A91520A27C00138A7D /* VideoPlaybackAppDelegate.mm */; };
		15B2A9DF1520A54800138A7D /* Default-Portrait~ipad.png in Resources */ = {isa = PBXBuildFile; fileRef = 15B2A9DC1520A54800138A7D /* Default-Portrait~ipad.png */; };
		15B2A9E01520A54800138A7D /* Default.png in Resources */ = {isa = PBXBuildFile; fileRef = 15B2A9DD1520A54800138A7D /* Default.png */; };
		15B2A9E11520A54800138A7D /* Default@2x.png in Resources */ = {isa = PBXBuildFile; fileRef = 15B2A9DE1520A54800138A7D /* Default@2x.png */; };
		15B2AA021520A5A000138A7D /* EAGLView.mm in Sources */ = {isa = PBXBuildFile; fileRef = 15B2AA011520A5A000138A7D /* EAGLView.mm */; };
		15B2AA041520A82500138A7D /* SystemConfiguration.framework in Frameworks */ = {isa = PBXBuildFile; fileRef = 15B2AA031520A82500138A7D /* SystemConfiguration.framework */; };
		15B2AA061520A82C00138A7D /* CoreVideo.framework in Frameworks */ = {isa = PBXBuildFile; fileRef = 15B2AA051520A82C00138A7D /* CoreVideo.framework */; };
		15B2AA081520A83500138A7D /* CoreMedia.framework in Frameworks */ = {isa = PBXBuildFile; fileRef = 15B2AA071520A83500138A7D /* CoreMedia.framework */; };
		15B2AA0A1520A83A00138A7D /* AVFoundation.framework in Frameworks */ = {isa = PBXBuildFile; fileRef = 15B2AA091520A83A00138A7D /* AVFoundation.framework */; };
		15B2AA0C1520A84100138A7D /* QuartzCore.framework in Frameworks */ = {isa = PBXBuildFile; fileRef = 15B2AA0B1520A84100138A7D /* QuartzCore.framework */; };
		15B2AA0E1520A84600138A7D /* OpenGLES.framework in Frameworks */ = {isa = PBXBuildFile; fileRef = 15B2AA0D1520A84600138A7D /* OpenGLES.framework */; };
		15B2AA101520A85100138A7D /* Security.framework in Frameworks */ = {isa = PBXBuildFile; fileRef = 15B2AA0F1520A85100138A7D /* Security.framework */; };
		15B2AA121520A85500138A7D /* CoreMotion.framework in Frameworks */ = {isa = PBXBuildFile; fileRef = 15B2AA111520A85500138A7D /* CoreMotion.framework */; };
		15B2AA211520ADA100138A7D /* AudioToolbox.framework in Frameworks */ = {isa = PBXBuildFile; fileRef = 15B2AA201520ADA100138A7D /* AudioToolbox.framework */; };
		15B2AA231520ADB500138A7D /* MediaPlayer.framework in Frameworks */ = {isa = PBXBuildFile; fileRef = 15B2AA221520ADB500138A7D /* MediaPlayer.framework */; };
		15CE8764164171EE005AE890 /* AR_EAGLView.mm in Sources */ = {isa = PBXBuildFile; fileRef = 15CE8751164171EE005AE890 /* AR_EAGLView.mm */; };
		15CE8765164171EE005AE890 /* ARParentViewController.mm in Sources */ = {isa = PBXBuildFile; fileRef = 15CE8753164171EE005AE890 /* ARParentViewController.mm */; };
		15CE8766164171EE005AE890 /* ARViewController.mm in Sources */ = {isa = PBXBuildFile; fileRef = 15CE8755164171EE005AE890 /* ARViewController.mm */; };
		15CE8768164171EE005AE890 /* OverlayView.m in Sources */ = {isa = PBXBuildFile; fileRef = 15CE8758164171EE005AE890 /* OverlayView.m */; };
		15CE8769164171EE005AE890 /* OverlayViewController.mm in Sources */ = {isa = PBXBuildFile; fileRef = 15CE875A164171EE005AE890 /* OverlayViewController.mm */; };
		15CE876A164171EE005AE890 /* QCARutils.mm in Sources */ = {isa = PBXBuildFile; fileRef = 15CE875C164171EE005AE890 /* QCARutils.mm */; };
		15CE876D164171EE005AE890 /* ShaderUtils.cpp in Sources */ = {isa = PBXBuildFile; fileRef = 15CE8760164171EE005AE890 /* ShaderUtils.cpp */; };
		15CE876E164171EE005AE890 /* Texture.mm in Sources */ = {isa = PBXBuildFile; fileRef = 15CE8763164171EE005AE890 /* Texture.mm */; };
		15CF192F1525FB2D00AFE42F /* VPParentViewController.m in Sources */ = {isa = PBXBuildFile; fileRef = 15CF192E1525FB2D00AFE42F /* VPParentViewController.m */; };
		15E927CB161F47D500D24BBE /* Default-568h@2x.png in Resources */ = {isa = PBXBuildFile; fileRef = 15E927CA161F47D400D24BBE /* Default-568h@2x.png */; };
		57317F94174E42B90017F5A5 /* ipostal_namorados_2013.xml in Resources */ = {isa = PBXBuildFile; fileRef = 57317F92174E42B90017F5A5 /* ipostal_namorados_2013.xml */; };
		57317F95174E42B90017F5A5 /* ipostal_namorados_2013.dat in Resources */ = {isa = PBXBuildFile; fileRef = 57317F93174E42B90017F5A5 /* ipostal_namorados_2013.dat */; };
		57653EBB174F94DA001589C7 /* iPostalModalView~ipad.xib in Resources */ = {isa = PBXBuildFile; fileRef = 57653EBA174F94DA001589C7 /* iPostalModalView~ipad.xib */; };
		57741A9D174AA19200770855 /* libQCAR.a in Frameworks */ = {isa = PBXBuildFile; fileRef = 57741A9C174AA19200770855 /* libQCAR.a */; };
		57C862D0174BFAB1003008B0 /* icon_play.png in Resources */ = {isa = PBXBuildFile; fileRef = 57C862CF174BFAB0003008B0 /* icon_play.png */; };
		57C862D5174BFC3F003008B0 /* all_you_need.jpg in Resources */ = {isa = PBXBuildFile; fileRef = 57C862D1174BFC3D003008B0 /* all_you_need.jpg */; };
		57C862D6174BFC3F003008B0 /* Better_Together.jpg in Resources */ = {isa = PBXBuildFile; fileRef = 57C862D2174BFC3D003008B0 /* Better_Together.jpg */; };
		57C862D7174BFC3F003008B0 /* Over_Rainbow.jpg in Resources */ = {isa = PBXBuildFile; fileRef = 57C862D3174BFC3E003008B0 /* Over_Rainbow.jpg */; };
		57C862D8174BFC3F003008B0 /* StopMotion.jpg in Resources */ = {isa = PBXBuildFile; fileRef = 57C862D4174BFC3E003008B0 /* StopMotion.jpg */; };
		57C862E8174C110B003008B0 /* Better_Together.mp4 in Resources */ = {isa = PBXBuildFile; fileRef = 57C862E4174C1103003008B0 /* Better_Together.mp4 */; };
		57C862ED174C14D7003008B0 /* all_you_need.mp4 in Resources */ = {isa = PBXBuildFile; fileRef = 57C862EB174C14D6003008B0 /* all_you_need.mp4 */; };
		57C862EE174C14D7003008B0 /* StopMotion.mp4 in Resources */ = {isa = PBXBuildFile; fileRef = 57C862EC174C14D7003008B0 /* StopMotion.mp4 */; };
		57C862F0174C157D003008B0 /* Over_Rainbow.mp4 in Resources */ = {isa = PBXBuildFile; fileRef = 57C862EF174C157D003008B0 /* Over_Rainbow.mp4 */; };
		57EFA0D7174E877E007D75D9 /* iPostalModalView.xib in Resources */ = {isa = PBXBuildFile; fileRef = 57EFA0D6174E877E007D75D9 /* iPostalModalView.xib */; };
		57EFA0DA174E87B6007D75D9 /* iPostalModalViewController.m in Sources */ = {isa = PBXBuildFile; fileRef = 57EFA0D9174E87B6007D75D9 /* iPostalModalViewController.m */; };
		57EFA0E2174E965B007D75D9 /* libGoogleAnalytics.a in Frameworks */ = {isa = PBXBuildFile; fileRef = 57EFA0E1174E965B007D75D9 /* libGoogleAnalytics.a */; };
		57EFA0E4174E9677007D75D9 /* CoreData.framework in Frameworks */ = {isa = PBXBuildFile; fileRef = 57EFA0E3174E9677007D75D9 /* CoreData.framework */; };
		57EFA0EC174EA32D007D75D9 /* bt_baixar.png in Resources */ = {isa = PBXBuildFile; fileRef = 57EFA0E8174EA32D007D75D9 /* bt_baixar.png */; };
		57EFA0ED174EA32D007D75D9 /* bt_baixar@2x.png in Resources */ = {isa = PBXBuildFile; fileRef = 57EFA0E9174EA32D007D75D9 /* bt_baixar@2x.png */; };
		57EFA0EE174EA32D007D75D9 /* bt_comecar.png in Resources */ = {isa = PBXBuildFile; fileRef = 57EFA0EA174EA32D007D75D9 /* bt_comecar.png */; };
		57EFA0EF174EA32D007D75D9 /* bt_comecar@2x.png in Resources */ = {isa = PBXBuildFile; fileRef = 57EFA0EB174EA32D007D75D9 /* bt_comecar@2x.png */; };
		57EFA0F2174EA421007D75D9 /* info-ipad@2x.png in Resources */ = {isa = PBXBuildFile; fileRef = 57EFA0F0174EA421007D75D9 /* info-ipad@2x.png */; };
		57EFA0F3174EA421007D75D9 /* info-ipad.png in Resources */ = {isa = PBXBuildFile; fileRef = 57EFA0F1174EA421007D75D9 /* info-ipad.png */; };
		57EFA0F7174EA5A3007D75D9 /* info-568h.png in Resources */ = {isa = PBXBuildFile; fileRef = 57EFA0F4174EA5A3007D75D9 /* info-568h.png */; };
		57EFA0F8174EA5A3007D75D9 /* info@2x.png in Resources */ = {isa = PBXBuildFile; fileRef = 57EFA0F5174EA5A3007D75D9 /* info@2x.png */; };
		57EFA0F9174EA5A3007D75D9 /* info.png in Resources */ = {isa = PBXBuildFile; fileRef = 57EFA0F6174EA5A3007D75D9 /* info.png */; };
/* End PBXBuildFile section */

/* Begin PBXFileReference section */
		15006770153D9376003B9A79 /* start_large_press.png */ = {isa = PBXFileReference; lastKnownFileType = image.png; path = start_large_press.png; sourceTree = "<group>"; };
		1519B7271603518100364066 /* app_icon_iPhone.png */ = {isa = PBXFileReference; lastKnownFileType = image.png; path = app_icon_iPhone.png; sourceTree = "<group>"; };
		1519B72A1603518400364066 /* app_icon_iPhone@2x.png */ = {isa = PBXFileReference; lastKnownFileType = image.png; path = "app_icon_iPhone@2x.png"; sourceTree = "<group>"; };
		1519B72C1603518700364066 /* app_icon_iPad.png */ = {isa = PBXFileReference; lastKnownFileType = image.png; path = app_icon_iPad.png; sourceTree = "<group>"; };
		1519B72E1603518900364066 /* app_icon_iPad@2x.png */ = {isa = PBXFileReference; lastKnownFileType = image.png; path = "app_icon_iPad@2x.png"; sourceTree = "<group>"; };
		1519B730160351A100364066 /* Default-Portrait@2x~ipad.png */ = {isa = PBXFileReference; lastKnownFileType = image.png; path = "Default-Portrait@2x~ipad.png"; sourceTree = "<group>"; };
		151E5D301525B3EF00BE66B7 /* VideoPlayerHelper.h */ = {isa = PBXFileReference; fileEncoding = 4; lastKnownFileType = sourcecode.c.h; path = VideoPlayerHelper.h; sourceTree = "<group>"; };
		151E5D311525B3EF00BE66B7 /* VideoPlayerHelper.m */ = {isa = PBXFileReference; fileEncoding = 4; lastKnownFileType = sourcecode.c.objc; path = VideoPlayerHelper.m; sourceTree = "<group>"; };
		152157D6153CACE4009DE1FF /* InfoView.h */ = {isa = PBXFileReference; fileEncoding = 4; lastKnownFileType = sourcecode.c.h; path = InfoView.h; sourceTree = "<group>"; };
		152157D7153CACE4009DE1FF /* InfoView.m */ = {isa = PBXFileReference; fileEncoding = 4; lastKnownFileType = sourcecode.c.objc; path = InfoView.m; sourceTree = "<group>"; };
		152157DE153CC24B009DE1FF /* start_large.png */ = {isa = PBXFileReference; lastKnownFileType = image.png; path = start_large.png; sourceTree = "<group>"; };
		152157E0153CC3F2009DE1FF /* start_medium.png */ = {isa = PBXFileReference; lastKnownFileType = image.png; path = start_medium.png; sourceTree = "<group>"; };
		152157E2153CCCC1009DE1FF /* icon_error.png */ = {isa = PBXFileReference; lastKnownFileType = image.png; path = icon_error.png; sourceTree = "<group>"; };
		1526F6CF16380ED5006408F8 /* Default-Landscape~ipad.png */ = {isa = PBXFileReference; lastKnownFileType = image.png; path = "Default-Landscape~ipad.png"; sourceTree = "<group>"; };
		1526F6D216380ED8006408F8 /* Default-Landscape@2x~ipad.png */ = {isa = PBXFileReference; lastKnownFileType = image.png; path = "Default-Landscape@2x~ipad.png"; sourceTree = "<group>"; };
		153DD83C1546AADD007A1B45 /* cf */ = {isa = PBXFileReference; lastKnownFileType = file; path = cf; sourceTree = "<group>"; };
		156617C6153C23F1005018C4 /* icon_loading.png */ = {isa = PBXFileReference; lastKnownFileType = image.png; path = icon_loading.png; sourceTree = "<group>"; };
		159E01CE1538710D00DA208A /* SampleMath.cpp */ = {isa = PBXFileReference; fileEncoding = 4; lastKnownFileType = sourcecode.cpp.cpp; path = SampleMath.cpp; sourceTree = "<group>"; };
		159E01CF1538710D00DA208A /* SampleMath.h */ = {isa = PBXFileReference; fileEncoding = 4; lastKnownFileType = sourcecode.c.h; path = SampleMath.h; sourceTree = "<group>"; };
		15B2A9951520A27C00138A7D /* Leitor iPostal.app */ = {isa = PBXFileReference; explicitFileType = wrapper.application; includeInIndex = 0; path = "Leitor iPostal.app"; sourceTree = BUILT_PRODUCTS_DIR; };
		15B2A9991520A27C00138A7D /* UIKit.framework */ = {isa = PBXFileReference; lastKnownFileType = wrapper.framework; name = UIKit.framework; path = System/Library/Frameworks/UIKit.framework; sourceTree = SDKROOT; };
		15B2A99B1520A27C00138A7D /* Foundation.framework */ = {isa = PBXFileReference; lastKnownFileType = wrapper.framework; name = Foundation.framework; path = System/Library/Frameworks/Foundation.framework; sourceTree = SDKROOT; };
		15B2A99D1520A27C00138A7D /* CoreGraphics.framework */ = {isa = PBXFileReference; lastKnownFileType = wrapper.framework; name = CoreGraphics.framework; path = System/Library/Frameworks/CoreGraphics.framework; sourceTree = SDKROOT; };
		15B2A9A11520A27C00138A7D /* VideoPlayback-Info.plist */ = {isa = PBXFileReference; lastKnownFileType = text.plist.xml; path = "VideoPlayback-Info.plist"; sourceTree = "<group>"; };
		15B2A9A51520A27C00138A7D /* VideoPlayback-Prefix.pch */ = {isa = PBXFileReference; lastKnownFileType = sourcecode.c.h; path = "VideoPlayback-Prefix.pch"; sourceTree = "<group>"; };
		15B2A9A61520A27C00138A7D /* main.m */ = {isa = PBXFileReference; lastKnownFileType = sourcecode.c.objc; path = main.m; sourceTree = "<group>"; };
		15B2A9A81520A27C00138A7D /* VideoPlaybackAppDelegate.h */ = {isa = PBXFileReference; lastKnownFileType = sourcecode.c.h; path = VideoPlaybackAppDelegate.h; sourceTree = "<group>"; };
		15B2A9A91520A27C00138A7D /* VideoPlaybackAppDelegate.mm */ = {isa = PBXFileReference; lastKnownFileType = sourcecode.cpp.objcpp; path = VideoPlaybackAppDelegate.mm; sourceTree = "<group>"; };
		15B2A9DC1520A54800138A7D /* Default-Portrait~ipad.png */ = {isa = PBXFileReference; lastKnownFileType = image.png; path = "Default-Portrait~ipad.png"; sourceTree = "<group>"; };
		15B2A9DD1520A54800138A7D /* Default.png */ = {isa = PBXFileReference; lastKnownFileType = image.png; path = Default.png; sourceTree = "<group>"; };
		15B2A9DE1520A54800138A7D /* Default@2x.png */ = {isa = PBXFileReference; lastKnownFileType = image.png; path = "Default@2x.png"; sourceTree = "<group>"; };
		15B2AA001520A5A000138A7D /* EAGLView.h */ = {isa = PBXFileReference; fileEncoding = 4; lastKnownFileType = sourcecode.c.h; path = EAGLView.h; sourceTree = "<group>"; };
		15B2AA011520A5A000138A7D /* EAGLView.mm */ = {isa = PBXFileReference; fileEncoding = 4; lastKnownFileType = sourcecode.cpp.objcpp; path = EAGLView.mm; sourceTree = "<group>"; };
		15B2AA031520A82500138A7D /* SystemConfiguration.framework */ = {isa = PBXFileReference; lastKnownFileType = wrapper.framework; name = SystemConfiguration.framework; path = System/Library/Frameworks/SystemConfiguration.framework; sourceTree = SDKROOT; };
		15B2AA051520A82C00138A7D /* CoreVideo.framework */ = {isa = PBXFileReference; lastKnownFileType = wrapper.framework; name = CoreVideo.framework; path = System/Library/Frameworks/CoreVideo.framework; sourceTree = SDKROOT; };
		15B2AA071520A83500138A7D /* CoreMedia.framework */ = {isa = PBXFileReference; lastKnownFileType = wrapper.framework; name = CoreMedia.framework; path = System/Library/Frameworks/CoreMedia.framework; sourceTree = SDKROOT; };
		15B2AA091520A83A00138A7D /* AVFoundation.framework */ = {isa = PBXFileReference; lastKnownFileType = wrapper.framework; name = AVFoundation.framework; path = System/Library/Frameworks/AVFoundation.framework; sourceTree = SDKROOT; };
		15B2AA0B1520A84100138A7D /* QuartzCore.framework */ = {isa = PBXFileReference; lastKnownFileType = wrapper.framework; name = QuartzCore.framework; path = System/Library/Frameworks/QuartzCore.framework; sourceTree = SDKROOT; };
		15B2AA0D1520A84600138A7D /* OpenGLES.framework */ = {isa = PBXFileReference; lastKnownFileType = wrapper.framework; name = OpenGLES.framework; path = System/Library/Frameworks/OpenGLES.framework; sourceTree = SDKROOT; };
		15B2AA0F1520A85100138A7D /* Security.framework */ = {isa = PBXFileReference; lastKnownFileType = wrapper.framework; name = Security.framework; path = System/Library/Frameworks/Security.framework; sourceTree = SDKROOT; };
		15B2AA111520A85500138A7D /* CoreMotion.framework */ = {isa = PBXFileReference; lastKnownFileType = wrapper.framework; name = CoreMotion.framework; path = System/Library/Frameworks/CoreMotion.framework; sourceTree = SDKROOT; };
		15B2AA201520ADA100138A7D /* AudioToolbox.framework */ = {isa = PBXFileReference; lastKnownFileType = wrapper.framework; name = AudioToolbox.framework; path = System/Library/Frameworks/AudioToolbox.framework; sourceTree = SDKROOT; };
		15B2AA221520ADB500138A7D /* MediaPlayer.framework */ = {isa = PBXFileReference; lastKnownFileType = wrapper.framework; name = MediaPlayer.framework; path = System/Library/Frameworks/MediaPlayer.framework; sourceTree = SDKROOT; };
		15CE8750164171EE005AE890 /* AR_EAGLView.h */ = {isa = PBXFileReference; fileEncoding = 4; lastKnownFileType = sourcecode.c.h; path = AR_EAGLView.h; sourceTree = "<group>"; };
		15CE8751164171EE005AE890 /* AR_EAGLView.mm */ = {isa = PBXFileReference; fileEncoding = 4; lastKnownFileType = sourcecode.cpp.objcpp; path = AR_EAGLView.mm; sourceTree = "<group>"; };
		15CE8752164171EE005AE890 /* ARParentViewController.h */ = {isa = PBXFileReference; fileEncoding = 4; lastKnownFileType = sourcecode.c.h; path = ARParentViewController.h; sourceTree = "<group>"; };
		15CE8753164171EE005AE890 /* ARParentViewController.mm */ = {isa = PBXFileReference; fileEncoding = 4; lastKnownFileType = sourcecode.cpp.objcpp; path = ARParentViewController.mm; sourceTree = "<group>"; };
		15CE8754164171EE005AE890 /* ARViewController.h */ = {isa = PBXFileReference; fileEncoding = 4; lastKnownFileType = sourcecode.c.h; path = ARViewController.h; sourceTree = "<group>"; };
		15CE8755164171EE005AE890 /* ARViewController.mm */ = {isa = PBXFileReference; fileEncoding = 4; lastKnownFileType = sourcecode.cpp.objcpp; path = ARViewController.mm; sourceTree = "<group>"; };
		15CE8756164171EE005AE890 /* License.txt */ = {isa = PBXFileReference; fileEncoding = 4; lastKnownFileType = text; path = License.txt; sourceTree = "<group>"; };
		15CE8757164171EE005AE890 /* OverlayView.h */ = {isa = PBXFileReference; fileEncoding = 4; lastKnownFileType = sourcecode.c.h; path = OverlayView.h; sourceTree = "<group>"; };
		15CE8758164171EE005AE890 /* OverlayView.m */ = {isa = PBXFileReference; fileEncoding = 4; lastKnownFileType = sourcecode.c.objc; path = OverlayView.m; sourceTree = "<group>"; };
		15CE8759164171EE005AE890 /* OverlayViewController.h */ = {isa = PBXFileReference; fileEncoding = 4; lastKnownFileType = sourcecode.c.h; path = OverlayViewController.h; sourceTree = "<group>"; };
		15CE875A164171EE005AE890 /* OverlayViewController.mm */ = {isa = PBXFileReference; fileEncoding = 4; lastKnownFileType = sourcecode.cpp.objcpp; path = OverlayViewController.mm; sourceTree = "<group>"; };
		15CE875B164171EE005AE890 /* QCARutils.h */ = {isa = PBXFileReference; fileEncoding = 4; lastKnownFileType = sourcecode.c.h; path = QCARutils.h; sourceTree = "<group>"; };
		15CE875C164171EE005AE890 /* QCARutils.mm */ = {isa = PBXFileReference; fileEncoding = 4; lastKnownFileType = sourcecode.cpp.objcpp; path = QCARutils.mm; sourceTree = "<group>"; };
		15CE875E164171EE005AE890 /* Shader.fsh */ = {isa = PBXFileReference; fileEncoding = 4; lastKnownFileType = sourcecode.glsl; path = Shader.fsh; sourceTree = "<group>"; };
		15CE875F164171EE005AE890 /* Shader.vsh */ = {isa = PBXFileReference; fileEncoding = 4; lastKnownFileType = sourcecode.glsl; path = Shader.vsh; sourceTree = "<group>"; };
		15CE8760164171EE005AE890 /* ShaderUtils.cpp */ = {isa = PBXFileReference; fileEncoding = 4; lastKnownFileType = sourcecode.cpp.cpp; path = ShaderUtils.cpp; sourceTree = "<group>"; };
		15CE8761164171EE005AE890 /* ShaderUtils.h */ = {isa = PBXFileReference; fileEncoding = 4; lastKnownFileType = sourcecode.c.h; path = ShaderUtils.h; sourceTree = "<group>"; };
		15CE8762164171EE005AE890 /* Texture.h */ = {isa = PBXFileReference; fileEncoding = 4; lastKnownFileType = sourcecode.c.h; path = Texture.h; sourceTree = "<group>"; };
		15CE8763164171EE005AE890 /* Texture.mm */ = {isa = PBXFileReference; fileEncoding = 4; lastKnownFileType = sourcecode.cpp.objcpp; path = Texture.mm; sourceTree = "<group>"; };
		15CF192D1525FB2D00AFE42F /* VPParentViewController.h */ = {isa = PBXFileReference; fileEncoding = 4; lastKnownFileType = sourcecode.c.h; path = VPParentViewController.h; sourceTree = "<group>"; };
		15CF192E1525FB2D00AFE42F /* VPParentViewController.m */ = {isa = PBXFileReference; fileEncoding = 4; lastKnownFileType = sourcecode.c.objc; path = VPParentViewController.m; sourceTree = "<group>"; };
		15E927CA161F47D400D24BBE /* Default-568h@2x.png */ = {isa = PBXFileReference; lastKnownFileType = image.png; path = "Default-568h@2x.png"; sourceTree = "<group>"; };
		57317F92174E42B90017F5A5 /* ipostal_namorados_2013.xml */ = {isa = PBXFileReference; fileEncoding = 4; lastKnownFileType = text.xml; path = ipostal_namorados_2013.xml; sourceTree = "<group>"; };
		57317F93174E42B90017F5A5 /* ipostal_namorados_2013.dat */ = {isa = PBXFileReference; lastKnownFileType = file; path = ipostal_namorados_2013.dat; sourceTree = "<group>"; };
		57653EBA174F94DA001589C7 /* iPostalModalView~ipad.xib */ = {isa = PBXFileReference; fileEncoding = 4; lastKnownFileType = file.xib; name = "iPostalModalView~ipad.xib"; path = "../iPostalModalView~ipad.xib"; sourceTree = "<group>"; };
		57741A9C174AA19200770855 /* libQCAR.a */ = {isa = PBXFileReference; lastKnownFileType = archive.ar; name = libQCAR.a; path = "../../Development/iOS/vuforia-sdk-ios-2-0-32/build/lib/arm/libQCAR.a"; sourceTree = "<group>"; };
		57741AA1174AA34A00770855 /* Area.h */ = {isa = PBXFileReference; fileEncoding = 4; lastKnownFileType = sourcecode.c.h; path = Area.h; sourceTree = "<group>"; };
		57741AA2174AA34A00770855 /* CameraCalibration.h */ = {isa = PBXFileReference; fileEncoding = 4; lastKnownFileType = sourcecode.c.h; path = CameraCalibration.h; sourceTree = "<group>"; };
		57741AA3174AA34A00770855 /* CameraDevice.h */ = {isa = PBXFileReference; fileEncoding = 4; lastKnownFileType = sourcecode.c.h; path = CameraDevice.h; sourceTree = "<group>"; };
		57741AA4174AA34A00770855 /* DataSet.h */ = {isa = PBXFileReference; fileEncoding = 4; lastKnownFileType = sourcecode.c.h; path = DataSet.h; sourceTree = "<group>"; };
		57741AA5174AA34A00770855 /* Frame.h */ = {isa = PBXFileReference; fileEncoding = 4; lastKnownFileType = sourcecode.c.h; path = Frame.h; sourceTree = "<group>"; };
		57741AA6174AA34A00770855 /* Image.h */ = {isa = PBXFileReference; fileEncoding = 4; lastKnownFileType = sourcecode.c.h; path = Image.h; sourceTree = "<group>"; };
		57741AA7174AA34A00770855 /* ImageTarget.h */ = {isa = PBXFileReference; fileEncoding = 4; lastKnownFileType = sourcecode.c.h; path = ImageTarget.h; sourceTree = "<group>"; };
		57741AA8174AA34A00770855 /* ImageTargetBuilder.h */ = {isa = PBXFileReference; fileEncoding = 4; lastKnownFileType = sourcecode.c.h; path = ImageTargetBuilder.h; sourceTree = "<group>"; };
		57741AA9174AA34A00770855 /* ImageTargetResult.h */ = {isa = PBXFileReference; fileEncoding = 4; lastKnownFileType = sourcecode.c.h; path = ImageTargetResult.h; sourceTree = "<group>"; };
		57741AAA174AA34A00770855 /* ImageTracker.h */ = {isa = PBXFileReference; fileEncoding = 4; lastKnownFileType = sourcecode.c.h; path = ImageTracker.h; sourceTree = "<group>"; };
		57741AAB174AA34A00770855 /* Marker.h */ = {isa = PBXFileReference; fileEncoding = 4; lastKnownFileType = sourcecode.c.h; path = Marker.h; sourceTree = "<group>"; };
		57741AAC174AA34A00770855 /* MarkerResult.h */ = {isa = PBXFileReference; fileEncoding = 4; lastKnownFileType = sourcecode.c.h; path = MarkerResult.h; sourceTree = "<group>"; };
		57741AAD174AA34A00770855 /* MarkerTracker.h */ = {isa = PBXFileReference; fileEncoding = 4; lastKnownFileType = sourcecode.c.h; path = MarkerTracker.h; sourceTree = "<group>"; };
		57741AAE174AA34A00770855 /* Matrices.h */ = {isa = PBXFileReference; fileEncoding = 4; lastKnownFileType = sourcecode.c.h; path = Matrices.h; sourceTree = "<group>"; };
		57741AAF174AA34A00770855 /* MultiTarget.h */ = {isa = PBXFileReference; fileEncoding = 4; lastKnownFileType = sourcecode.c.h; path = MultiTarget.h; sourceTree = "<group>"; };
		57741AB0174AA34A00770855 /* MultiTargetResult.h */ = {isa = PBXFileReference; fileEncoding = 4; lastKnownFileType = sourcecode.c.h; path = MultiTargetResult.h; sourceTree = "<group>"; };
		57741AB1174AA34A00770855 /* NonCopyable.h */ = {isa = PBXFileReference; fileEncoding = 4; lastKnownFileType = sourcecode.c.h; path = NonCopyable.h; sourceTree = "<group>"; };
		57741AB2174AA34A00770855 /* QCAR.h */ = {isa = PBXFileReference; fileEncoding = 4; lastKnownFileType = sourcecode.c.h; path = QCAR.h; sourceTree = "<group>"; };
		57741AB3174AA34A00770855 /* QCAR_iOS.h */ = {isa = PBXFileReference; fileEncoding = 4; lastKnownFileType = sourcecode.c.h; path = QCAR_iOS.h; sourceTree = "<group>"; };
		57741AB4174AA34A00770855 /* Rectangle.h */ = {isa = PBXFileReference; fileEncoding = 4; lastKnownFileType = sourcecode.c.h; path = Rectangle.h; sourceTree = "<group>"; };
		57741AB5174AA34A00770855 /* Renderer.h */ = {isa = PBXFileReference; fileEncoding = 4; lastKnownFileType = sourcecode.c.h; path = Renderer.h; sourceTree = "<group>"; };
		57741AB6174AA34A00770855 /* State.h */ = {isa = PBXFileReference; fileEncoding = 4; lastKnownFileType = sourcecode.c.h; path = State.h; sourceTree = "<group>"; };
		57741AB7174AA34A00770855 /* System.h */ = {isa = PBXFileReference; fileEncoding = 4; lastKnownFileType = sourcecode.c.h; path = System.h; sourceTree = "<group>"; };
		57741AB8174AA34A00770855 /* TargetFinder.h */ = {isa = PBXFileReference; fileEncoding = 4; lastKnownFileType = sourcecode.c.h; path = TargetFinder.h; sourceTree = "<group>"; };
		57741AB9174AA34A00770855 /* TargetSearchResult.h */ = {isa = PBXFileReference; fileEncoding = 4; lastKnownFileType = sourcecode.c.h; path = TargetSearchResult.h; sourceTree = "<group>"; };
		57741ABA174AA34A00770855 /* Tool.h */ = {isa = PBXFileReference; fileEncoding = 4; lastKnownFileType = sourcecode.c.h; path = Tool.h; sourceTree = "<group>"; };
		57741ABB174AA34A00770855 /* Trackable.h */ = {isa = PBXFileReference; fileEncoding = 4; lastKnownFileType = sourcecode.c.h; path = Trackable.h; sourceTree = "<group>"; };
		57741ABC174AA34A00770855 /* TrackableResult.h */ = {isa = PBXFileReference; fileEncoding = 4; lastKnownFileType = sourcecode.c.h; path = TrackableResult.h; sourceTree = "<group>"; };
		57741ABD174AA34A00770855 /* TrackableSource.h */ = {isa = PBXFileReference; fileEncoding = 4; lastKnownFileType = sourcecode.c.h; path = TrackableSource.h; sourceTree = "<group>"; };
		57741ABE174AA34A00770855 /* Tracker.h */ = {isa = PBXFileReference; fileEncoding = 4; lastKnownFileType = sourcecode.c.h; path = Tracker.h; sourceTree = "<group>"; };
		57741ABF174AA34A00770855 /* TrackerManager.h */ = {isa = PBXFileReference; fileEncoding = 4; lastKnownFileType = sourcecode.c.h; path = TrackerManager.h; sourceTree = "<group>"; };
		57741AC0174AA34A00770855 /* UIGLViewProtocol.h */ = {isa = PBXFileReference; fileEncoding = 4; lastKnownFileType = sourcecode.c.h; path = UIGLViewProtocol.h; sourceTree = "<group>"; };
		57741AC1174AA34A00770855 /* UpdateCallback.h */ = {isa = PBXFileReference; fileEncoding = 4; lastKnownFileType = sourcecode.c.h; path = UpdateCallback.h; sourceTree = "<group>"; };
		57741AC2174AA34A00770855 /* Vectors.h */ = {isa = PBXFileReference; fileEncoding = 4; lastKnownFileType = sourcecode.c.h; path = Vectors.h; sourceTree = "<group>"; };
		57741AC3174AA34A00770855 /* VideoBackgroundConfig.h */ = {isa = PBXFileReference; fileEncoding = 4; lastKnownFileType = sourcecode.c.h; path = VideoBackgroundConfig.h; sourceTree = "<group>"; };
		57741AC4174AA34A00770855 /* VideoBackgroundTextureInfo.h */ = {isa = PBXFileReference; fileEncoding = 4; lastKnownFileType = sourcecode.c.h; path = VideoBackgroundTextureInfo.h; sourceTree = "<group>"; };
		57741AC5174AA34A00770855 /* VideoMode.h */ = {isa = PBXFileReference; fileEncoding = 4; lastKnownFileType = sourcecode.c.h; path = VideoMode.h; sourceTree = "<group>"; };
		57741AC6174AA34A00770855 /* VirtualButton.h */ = {isa = PBXFileReference; fileEncoding = 4; lastKnownFileType = sourcecode.c.h; path = VirtualButton.h; sourceTree = "<group>"; };
		57741AC7174AA34A00770855 /* VirtualButtonResult.h */ = {isa = PBXFileReference; fileEncoding = 4; lastKnownFileType = sourcecode.c.h; path = VirtualButtonResult.h; sourceTree = "<group>"; };
		57C862CF174BFAB0003008B0 /* icon_play.png */ = {isa = PBXFileReference; lastKnownFileType = image.png; path = icon_play.png; sourceTree = "<group>"; };
		57C862D1174BFC3D003008B0 /* all_you_need.jpg */ = {isa = PBXFileReference; lastKnownFileType = image.jpeg; path = all_you_need.jpg; sourceTree = "<group>"; };
		57C862D2174BFC3D003008B0 /* Better_Together.jpg */ = {isa = PBXFileReference; lastKnownFileType = image.jpeg; path = Better_Together.jpg; sourceTree = "<group>"; };
		57C862D3174BFC3E003008B0 /* Over_Rainbow.jpg */ = {isa = PBXFileReference; lastKnownFileType = image.jpeg; path = Over_Rainbow.jpg; sourceTree = "<group>"; };
		57C862D4174BFC3E003008B0 /* StopMotion.jpg */ = {isa = PBXFileReference; lastKnownFileType = image.jpeg; path = StopMotion.jpg; sourceTree = "<group>"; };
		57C862E4174C1103003008B0 /* Better_Together.mp4 */ = {isa = PBXFileReference; lastKnownFileType = file; path = Better_Together.mp4; sourceTree = "<group>"; };
		57C862EB174C14D6003008B0 /* all_you_need.mp4 */ = {isa = PBXFileReference; lastKnownFileType = file; path = all_you_need.mp4; sourceTree = "<group>"; };
		57C862EC174C14D7003008B0 /* StopMotion.mp4 */ = {isa = PBXFileReference; lastKnownFileType = file; path = StopMotion.mp4; sourceTree = "<group>"; };
		57C862EF174C157D003008B0 /* Over_Rainbow.mp4 */ = {isa = PBXFileReference; lastKnownFileType = file; path = Over_Rainbow.mp4; sourceTree = "<group>"; };
		57EFA0D6174E877E007D75D9 /* iPostalModalView.xib */ = {isa = PBXFileReference; fileEncoding = 4; lastKnownFileType = file.xib; path = iPostalModalView.xib; sourceTree = "<group>"; };
		57EFA0D8174E87B6007D75D9 /* iPostalModalViewController.h */ = {isa = PBXFileReference; fileEncoding = 4; lastKnownFileType = sourcecode.c.h; path = iPostalModalViewController.h; sourceTree = "<group>"; };
		57EFA0D9174E87B6007D75D9 /* iPostalModalViewController.m */ = {isa = PBXFileReference; fileEncoding = 4; lastKnownFileType = sourcecode.c.objc; path = iPostalModalViewController.m; sourceTree = "<group>"; };
		57EFA0DC174E965B007D75D9 /* GAI.h */ = {isa = PBXFileReference; fileEncoding = 4; lastKnownFileType = sourcecode.c.h; path = GAI.h; sourceTree = "<group>"; };
		57EFA0DD174E965B007D75D9 /* GAITrackedViewController.h */ = {isa = PBXFileReference; fileEncoding = 4; lastKnownFileType = sourcecode.c.h; path = GAITrackedViewController.h; sourceTree = "<group>"; };
		57EFA0DE174E965B007D75D9 /* GAITracker.h */ = {isa = PBXFileReference; fileEncoding = 4; lastKnownFileType = sourcecode.c.h; path = GAITracker.h; sourceTree = "<group>"; };
		57EFA0DF174E965B007D75D9 /* GAITransaction.h */ = {isa = PBXFileReference; fileEncoding = 4; lastKnownFileType = sourcecode.c.h; path = GAITransaction.h; sourceTree = "<group>"; };
		57EFA0E0174E965B007D75D9 /* GAITransactionItem.h */ = {isa = PBXFileReference; fileEncoding = 4; lastKnownFileType = sourcecode.c.h; path = GAITransactionItem.h; sourceTree = "<group>"; };
		57EFA0E1174E965B007D75D9 /* libGoogleAnalytics.a */ = {isa = PBXFileReference; lastKnownFileType = archive.ar; path = libGoogleAnalytics.a; sourceTree = "<group>"; };
		57EFA0E3174E9677007D75D9 /* CoreData.framework */ = {isa = PBXFileReference; lastKnownFileType = wrapper.framework; name = CoreData.framework; path = System/Library/Frameworks/CoreData.framework; sourceTree = SDKROOT; };
		57EFA0E5174E9960007D75D9 /* GAI-ID.h */ = {isa = PBXFileReference; fileEncoding = 4; lastKnownFileType = sourcecode.c.h; path = "GAI-ID.h"; sourceTree = "<group>"; };
		57EFA0E8174EA32D007D75D9 /* bt_baixar.png */ = {isa = PBXFileReference; lastKnownFileType = image.png; path = bt_baixar.png; sourceTree = "<group>"; };
		57EFA0E9174EA32D007D75D9 /* bt_baixar@2x.png */ = {isa = PBXFileReference; lastKnownFileType = image.png; path = "bt_baixar@2x.png"; sourceTree = "<group>"; };
		57EFA0EA174EA32D007D75D9 /* bt_comecar.png */ = {isa = PBXFileReference; lastKnownFileType = image.png; path = bt_comecar.png; sourceTree = "<group>"; };
		57EFA0EB174EA32D007D75D9 /* bt_comecar@2x.png */ = {isa = PBXFileReference; lastKnownFileType = image.png; path = "bt_comecar@2x.png"; sourceTree = "<group>"; };
		57EFA0F0174EA421007D75D9 /* info-ipad@2x.png */ = {isa = PBXFileReference; lastKnownFileType = image.png; path = "info-ipad@2x.png"; sourceTree = "<group>"; };
		57EFA0F1174EA421007D75D9 /* info-ipad.png */ = {isa = PBXFileReference; lastKnownFileType = image.png; path = "info-ipad.png"; sourceTree = "<group>"; };
		57EFA0F4174EA5A3007D75D9 /* info-568h.png */ = {isa = PBXFileReference; lastKnownFileType = image.png; path = "info-568h.png"; sourceTree = "<group>"; };
		57EFA0F5174EA5A3007D75D9 /* info@2x.png */ = {isa = PBXFileReference; lastKnownFileType = image.png; path = "info@2x.png"; sourceTree = "<group>"; };
		57EFA0F6174EA5A3007D75D9 /* info.png */ = {isa = PBXFileReference; lastKnownFileType = image.png; path = info.png; sourceTree = "<group>"; };
/* End PBXFileReference section */

/* Begin PBXFrameworksBuildPhase section */
		15B2A9921520A27C00138A7D /* Frameworks */ = {
			isa = PBXFrameworksBuildPhase;
			buildActionMask = 2147483647;
			files = (
				15B2AA041520A82500138A7D /* SystemConfiguration.framework in Frameworks */,
				57EFA0E4174E9677007D75D9 /* CoreData.framework in Frameworks */,
				57741A9D174AA19200770855 /* libQCAR.a in Frameworks */,
				15B2AA231520ADB500138A7D /* MediaPlayer.framework in Frameworks */,
				15B2AA211520ADA100138A7D /* AudioToolbox.framework in Frameworks */,
				15B2AA121520A85500138A7D /* CoreMotion.framework in Frameworks */,
				15B2AA101520A85100138A7D /* Security.framework in Frameworks */,
				15B2AA0E1520A84600138A7D /* OpenGLES.framework in Frameworks */,
				15B2AA0C1520A84100138A7D /* QuartzCore.framework in Frameworks */,
				15B2AA0A1520A83A00138A7D /* AVFoundation.framework in Frameworks */,
				15B2AA081520A83500138A7D /* CoreMedia.framework in Frameworks */,
				15B2AA061520A82C00138A7D /* CoreVideo.framework in Frameworks */,
				15B2A99A1520A27C00138A7D /* UIKit.framework in Frameworks */,
				15B2A99C1520A27C00138A7D /* Foundation.framework in Frameworks */,
				15B2A99E1520A27C00138A7D /* CoreGraphics.framework in Frameworks */,
				57EFA0E2174E965B007D75D9 /* libGoogleAnalytics.a in Frameworks */,
			);
			runOnlyForDeploymentPostprocessing = 0;
		};
/* End PBXFrameworksBuildPhase section */

/* Begin PBXGroup section */
		15B2A98A1520A27C00138A7D = {
			isa = PBXGroup;
			children = (
				57EFA0E3174E9677007D75D9 /* CoreData.framework */,
				57741AA0174AA34A00770855 /* QCAR */,
				15CE874F164171D8005AE890 /* ARCommon */,
				1526F6D216380ED8006408F8 /* Default-Landscape@2x~ipad.png */,
				1526F6CF16380ED5006408F8 /* Default-Landscape~ipad.png */,
				15E927CA161F47D400D24BBE /* Default-568h@2x.png */,
				1519B72E1603518900364066 /* app_icon_iPad@2x.png */,
				1519B72C1603518700364066 /* app_icon_iPad.png */,
				1519B72A1603518400364066 /* app_icon_iPhone@2x.png */,
				1519B7271603518100364066 /* app_icon_iPhone.png */,
				1519B730160351A100364066 /* Default-Portrait@2x~ipad.png */,
				15B2A9DC1520A54800138A7D /* Default-Portrait~ipad.png */,
				15B2A9DE1520A54800138A7D /* Default@2x.png */,
				15B2A9DD1520A54800138A7D /* Default.png */,
				15B2A99F1520A27C00138A7D /* VideoPlayback */,
				15B2A9CC1520A50500138A7D /* Resources */,
				15B2A9981520A27C00138A7D /* Frameworks */,
				15B2A9961520A27C00138A7D /* Products */,
			);
			sourceTree = "<group>";
		};
		15B2A9961520A27C00138A7D /* Products */ = {
			isa = PBXGroup;
			children = (
				15B2A9951520A27C00138A7D /* Leitor iPostal.app */,
			);
			name = Products;
			sourceTree = "<group>";
		};
		15B2A9981520A27C00138A7D /* Frameworks */ = {
			isa = PBXGroup;
			children = (
				57741A9C174AA19200770855 /* libQCAR.a */,
				15B2AA221520ADB500138A7D /* MediaPlayer.framework */,
				15B2AA201520ADA100138A7D /* AudioToolbox.framework */,
				15B2AA111520A85500138A7D /* CoreMotion.framework */,
				15B2AA0F1520A85100138A7D /* Security.framework */,
				15B2AA0D1520A84600138A7D /* OpenGLES.framework */,
				15B2AA0B1520A84100138A7D /* QuartzCore.framework */,
				15B2AA091520A83A00138A7D /* AVFoundation.framework */,
				15B2AA071520A83500138A7D /* CoreMedia.framework */,
				15B2AA051520A82C00138A7D /* CoreVideo.framework */,
				15B2AA031520A82500138A7D /* SystemConfiguration.framework */,
				15B2A9991520A27C00138A7D /* UIKit.framework */,
				15B2A99B1520A27C00138A7D /* Foundation.framework */,
				15B2A99D1520A27C00138A7D /* CoreGraphics.framework */,
			);
			name = Frameworks;
			sourceTree = "<group>";
		};
		15B2A99F1520A27C00138A7D /* VideoPlayback */ = {
			isa = PBXGroup;
			children = (
				15B2AA001520A5A000138A7D /* EAGLView.h */,
				15B2AA011520A5A000138A7D /* EAGLView.mm */,
				152157D6153CACE4009DE1FF /* InfoView.h */,
				152157D7153CACE4009DE1FF /* InfoView.m */,
				159E01CF1538710D00DA208A /* SampleMath.h */,
				159E01CE1538710D00DA208A /* SampleMath.cpp */,
				15B2A9A81520A27C00138A7D /* VideoPlaybackAppDelegate.h */,
				15B2A9A91520A27C00138A7D /* VideoPlaybackAppDelegate.mm */,
				151E5D301525B3EF00BE66B7 /* VideoPlayerHelper.h */,
				151E5D311525B3EF00BE66B7 /* VideoPlayerHelper.m */,
				15CF192D1525FB2D00AFE42F /* VPParentViewController.h */,
				15CF192E1525FB2D00AFE42F /* VPParentViewController.m */,
				57EFA0D6174E877E007D75D9 /* iPostalModalView.xib */,
				57653EBA174F94DA001589C7 /* iPostalModalView~ipad.xib */,
				57EFA0D8174E87B6007D75D9 /* iPostalModalViewController.h */,
				57EFA0D9174E87B6007D75D9 /* iPostalModalViewController.m */,
				15B2A9A01520A27C00138A7D /* Supporting Files */,
			);
			path = VideoPlayback;
			sourceTree = "<group>";
		};
		15B2A9A01520A27C00138A7D /* Supporting Files */ = {
			isa = PBXGroup;
			children = (
				15B2A9A11520A27C00138A7D /* VideoPlayback-Info.plist */,
				15B2A9A51520A27C00138A7D /* VideoPlayback-Prefix.pch */,
				57EFA0E5174E9960007D75D9 /* GAI-ID.h */,
				15B2A9A61520A27C00138A7D /* main.m */,
			);
			name = "Supporting Files";
			sourceTree = "<group>";
		};
		15B2A9CC1520A50500138A7D /* Resources */ = {
			isa = PBXGroup;
			children = (
				57EFA0F4174EA5A3007D75D9 /* info-568h.png */,
				57EFA0F5174EA5A3007D75D9 /* info@2x.png */,
				57EFA0F6174EA5A3007D75D9 /* info.png */,
				57EFA0F0174EA421007D75D9 /* info-ipad@2x.png */,
				57EFA0F1174EA421007D75D9 /* info-ipad.png */,
				57EFA0E8174EA32D007D75D9 /* bt_baixar.png */,
				57EFA0E9174EA32D007D75D9 /* bt_baixar@2x.png */,
				57EFA0EA174EA32D007D75D9 /* bt_comecar.png */,
				57EFA0EB174EA32D007D75D9 /* bt_comecar@2x.png */,
				57EFA0DB174E9650007D75D9 /* libs */,
				15B2A9CD1520A51D00138A7D /* assets */,
			);
			name = Resources;
			sourceTree = "<group>";
		};
		15B2A9CD1520A51D00138A7D /* assets */ = {
			isa = PBXGroup;
			children = (
				57C862D1174BFC3D003008B0 /* all_you_need.jpg */,
				57C862D2174BFC3D003008B0 /* Better_Together.jpg */,
				57C862D3174BFC3E003008B0 /* Over_Rainbow.jpg */,
				57C862D4174BFC3E003008B0 /* StopMotion.jpg */,
				57C862EC174C14D7003008B0 /* StopMotion.mp4 */,
				57C862EF174C157D003008B0 /* Over_Rainbow.mp4 */,
				57C862E4174C1103003008B0 /* Better_Together.mp4 */,
				57317F92174E42B90017F5A5 /* ipostal_namorados_2013.xml */,
				57317F93174E42B90017F5A5 /* ipostal_namorados_2013.dat */,
				57C862EB174C14D6003008B0 /* all_you_need.mp4 */,
				153DD83C1546AADD007A1B45 /* cf */,
				152157E0153CC3F2009DE1FF /* start_medium.png */,
				15006770153D9376003B9A79 /* start_large_press.png */,
				152157DE153CC24B009DE1FF /* start_large.png */,
				152157E2153CCCC1009DE1FF /* icon_error.png */,
				156617C6153C23F1005018C4 /* icon_loading.png */,
				57C862CF174BFAB0003008B0 /* icon_play.png */,
			);
			name = assets;
			path = VideoPlayback/assets;
			sourceTree = "<group>";
		};
		15CE874F164171D8005AE890 /* ARCommon */ = {
			isa = PBXGroup;
			children = (
				15CE8756164171EE005AE890 /* License.txt */,
				15CE8750164171EE005AE890 /* AR_EAGLView.h */,
				15CE8751164171EE005AE890 /* AR_EAGLView.mm */,
				15CE8752164171EE005AE890 /* ARParentViewController.h */,
				15CE8753164171EE005AE890 /* ARParentViewController.mm */,
				15CE8754164171EE005AE890 /* ARViewController.h */,
				15CE8755164171EE005AE890 /* ARViewController.mm */,
				15CE8757164171EE005AE890 /* OverlayView.h */,
				15CE8758164171EE005AE890 /* OverlayView.m */,
				15CE8759164171EE005AE890 /* OverlayViewController.h */,
				15CE875A164171EE005AE890 /* OverlayViewController.mm */,
				15CE875B164171EE005AE890 /* QCARutils.h */,
				15CE875C164171EE005AE890 /* QCARutils.mm */,
				15CE875D164171EE005AE890 /* Shaders */,
				15CE8760164171EE005AE890 /* ShaderUtils.cpp */,
				15CE8761164171EE005AE890 /* ShaderUtils.h */,
				15CE8762164171EE005AE890 /* Texture.h */,
				15CE8763164171EE005AE890 /* Texture.mm */,
			);
			path = ARCommon;
			sourceTree = "<group>";
		};
		15CE875D164171EE005AE890 /* Shaders */ = {
			isa = PBXGroup;
			children = (
				15CE875E164171EE005AE890 /* Shader.fsh */,
				15CE875F164171EE005AE890 /* Shader.vsh */,
			);
			path = Shaders;
			sourceTree = "<group>";
		};
		57741AA0174AA34A00770855 /* QCAR */ = {
			isa = PBXGroup;
			children = (
				57741AA1174AA34A00770855 /* Area.h */,
				57741AA2174AA34A00770855 /* CameraCalibration.h */,
				57741AA3174AA34A00770855 /* CameraDevice.h */,
				57741AA4174AA34A00770855 /* DataSet.h */,
				57741AA5174AA34A00770855 /* Frame.h */,
				57741AA6174AA34A00770855 /* Image.h */,
				57741AA7174AA34A00770855 /* ImageTarget.h */,
				57741AA8174AA34A00770855 /* ImageTargetBuilder.h */,
				57741AA9174AA34A00770855 /* ImageTargetResult.h */,
				57741AAA174AA34A00770855 /* ImageTracker.h */,
				57741AAB174AA34A00770855 /* Marker.h */,
				57741AAC174AA34A00770855 /* MarkerResult.h */,
				57741AAD174AA34A00770855 /* MarkerTracker.h */,
				57741AAE174AA34A00770855 /* Matrices.h */,
				57741AAF174AA34A00770855 /* MultiTarget.h */,
				57741AB0174AA34A00770855 /* MultiTargetResult.h */,
				57741AB1174AA34A00770855 /* NonCopyable.h */,
				57741AB2174AA34A00770855 /* QCAR.h */,
				57741AB3174AA34A00770855 /* QCAR_iOS.h */,
				57741AB4174AA34A00770855 /* Rectangle.h */,
				57741AB5174AA34A00770855 /* Renderer.h */,
				57741AB6174AA34A00770855 /* State.h */,
				57741AB7174AA34A00770855 /* System.h */,
				57741AB8174AA34A00770855 /* TargetFinder.h */,
				57741AB9174AA34A00770855 /* TargetSearchResult.h */,
				57741ABA174AA34A00770855 /* Tool.h */,
				57741ABB174AA34A00770855 /* Trackable.h */,
				57741ABC174AA34A00770855 /* TrackableResult.h */,
				57741ABD174AA34A00770855 /* TrackableSource.h */,
				57741ABE174AA34A00770855 /* Tracker.h */,
				57741ABF174AA34A00770855 /* TrackerManager.h */,
				57741AC0174AA34A00770855 /* UIGLViewProtocol.h */,
				57741AC1174AA34A00770855 /* UpdateCallback.h */,
				57741AC2174AA34A00770855 /* Vectors.h */,
				57741AC3174AA34A00770855 /* VideoBackgroundConfig.h */,
				57741AC4174AA34A00770855 /* VideoBackgroundTextureInfo.h */,
				57741AC5174AA34A00770855 /* VideoMode.h */,
				57741AC6174AA34A00770855 /* VirtualButton.h */,
				57741AC7174AA34A00770855 /* VirtualButtonResult.h */,
			);
			path = QCAR;
			sourceTree = "<group>";
		};
		57EFA0DB174E9650007D75D9 /* libs */ = {
			isa = PBXGroup;
			children = (
				57EFA0DC174E965B007D75D9 /* GAI.h */,
				57EFA0DD174E965B007D75D9 /* GAITrackedViewController.h */,
				57EFA0DE174E965B007D75D9 /* GAITracker.h */,
				57EFA0DF174E965B007D75D9 /* GAITransaction.h */,
				57EFA0E0174E965B007D75D9 /* GAITransactionItem.h */,
				57EFA0E1174E965B007D75D9 /* libGoogleAnalytics.a */,
			);
			name = libs;
			sourceTree = "<group>";
		};
/* End PBXGroup section */

/* Begin PBXNativeTarget section */
		15B2A9941520A27C00138A7D /* Leitor iPostal */ = {
			isa = PBXNativeTarget;
			buildConfigurationList = 15B2A9BB1520A27D00138A7D /* Build configuration list for PBXNativeTarget "Leitor iPostal" */;
			buildPhases = (
				15B2A9911520A27C00138A7D /* Sources */,
				15B2A9921520A27C00138A7D /* Frameworks */,
				15B2A9931520A27C00138A7D /* Resources */,
			);
			buildRules = (
			);
			dependencies = (
			);
			name = "Leitor iPostal";
			productName = VideoPlayback;
			productReference = 15B2A9951520A27C00138A7D /* Leitor iPostal.app */;
			productType = "com.apple.product-type.application";
		};
/* End PBXNativeTarget section */

/* Begin PBXProject section */
		15B2A98C1520A27C00138A7D /* Project object */ = {
			isa = PBXProject;
			attributes = {
				LastUpgradeCheck = 0430;
			};
			buildConfigurationList = 15B2A98F1520A27C00138A7D /* Build configuration list for PBXProject "VideoPlayback" */;
			compatibilityVersion = "Xcode 3.2";
			developmentRegion = English;
			hasScannedForEncodings = 0;
			knownRegions = (
				en,
			);
			mainGroup = 15B2A98A1520A27C00138A7D;
			productRefGroup = 15B2A9961520A27C00138A7D /* Products */;
			projectDirPath = "";
			projectRoot = "";
			targets = (
				15B2A9941520A27C00138A7D /* Leitor iPostal */,
			);
		};
/* End PBXProject section */

/* Begin PBXResourcesBuildPhase section */
		15B2A9931520A27C00138A7D /* Resources */ = {
			isa = PBXResourcesBuildPhase;
			buildActionMask = 2147483647;
			files = (
				156617C8153C23F1005018C4 /* icon_loading.png in Resources */,
				152157DF153CC24B009DE1FF /* start_large.png in Resources */,
				152157E1153CC3F2009DE1FF /* start_medium.png in Resources */,
				152157E3153CCCC1009DE1FF /* icon_error.png in Resources */,
				15006772153D9376003B9A79 /* start_large_press.png in Resources */,
				153DD8401546AADD007A1B45 /* cf in Resources */,
				15B2A9DF1520A54800138A7D /* Default-Portrait~ipad.png in Resources */,
				15B2A9E01520A54800138A7D /* Default.png in Resources */,
				15B2A9E11520A54800138A7D /* Default@2x.png in Resources */,
				1519B731160351A100364066 /* Default-Portrait@2x~ipad.png in Resources */,
				1519B7281603518100364066 /* app_icon_iPhone.png in Resources */,
				1519B72B1603518400364066 /* app_icon_iPhone@2x.png in Resources */,
				1519B72D1603518700364066 /* app_icon_iPad.png in Resources */,
				1519B72F1603518900364066 /* app_icon_iPad@2x.png in Resources */,
				15E927CB161F47D500D24BBE /* Default-568h@2x.png in Resources */,
				1526F6D016380ED5006408F8 /* Default-Landscape~ipad.png in Resources */,
				1526F6D316380ED8006408F8 /* Default-Landscape@2x~ipad.png in Resources */,
				57C862D0174BFAB1003008B0 /* icon_play.png in Resources */,
				57C862D5174BFC3F003008B0 /* all_you_need.jpg in Resources */,
				57C862D6174BFC3F003008B0 /* Better_Together.jpg in Resources */,
				57C862D7174BFC3F003008B0 /* Over_Rainbow.jpg in Resources */,
				57C862D8174BFC3F003008B0 /* StopMotion.jpg in Resources */,
				57C862E8174C110B003008B0 /* Better_Together.mp4 in Resources */,
				57C862ED174C14D7003008B0 /* all_you_need.mp4 in Resources */,
				57C862EE174C14D7003008B0 /* StopMotion.mp4 in Resources */,
				57C862F0174C157D003008B0 /* Over_Rainbow.mp4 in Resources */,
				57317F94174E42B90017F5A5 /* ipostal_namorados_2013.xml in Resources */,
				57317F95174E42B90017F5A5 /* ipostal_namorados_2013.dat in Resources */,
				57EFA0D7174E877E007D75D9 /* iPostalModalView.xib in Resources */,
				57EFA0EC174EA32D007D75D9 /* bt_baixar.png in Resources */,
				57EFA0ED174EA32D007D75D9 /* bt_baixar@2x.png in Resources */,
				57EFA0EE174EA32D007D75D9 /* bt_comecar.png in Resources */,
				57EFA0EF174EA32D007D75D9 /* bt_comecar@2x.png in Resources */,
				57EFA0F2174EA421007D75D9 /* info-ipad@2x.png in Resources */,
				57EFA0F3174EA421007D75D9 /* info-ipad.png in Resources */,
				57EFA0F7174EA5A3007D75D9 /* info-568h.png in Resources */,
				57EFA0F8174EA5A3007D75D9 /* info@2x.png in Resources */,
				57EFA0F9174EA5A3007D75D9 /* info.png in Resources */,
				57653EBB174F94DA001589C7 /* iPostalModalView~ipad.xib in Resources */,
			);
			runOnlyForDeploymentPostprocessing = 0;
		};
/* End PBXResourcesBuildPhase section */

/* Begin PBXSourcesBuildPhase section */
		15B2A9911520A27C00138A7D /* Sources */ = {
			isa = PBXSourcesBuildPhase;
			buildActionMask = 2147483647;
			files = (
				15B2A9A71520A27C00138A7D /* main.m in Sources */,
				15B2A9AA1520A27C00138A7D /* VideoPlaybackAppDelegate.mm in Sources */,
				15B2AA021520A5A000138A7D /* EAGLView.mm in Sources */,
				151E5D321525B3EF00BE66B7 /* VideoPlayerHelper.m in Sources */,
				15CF192F1525FB2D00AFE42F /* VPParentViewController.m in Sources */,
				159E01D01538710D00DA208A /* SampleMath.cpp in Sources */,
				152157D8153CACE4009DE1FF /* InfoView.m in Sources */,
				15CE8764164171EE005AE890 /* AR_EAGLView.mm in Sources */,
				15CE8765164171EE005AE890 /* ARParentViewController.mm in Sources */,
				15CE8766164171EE005AE890 /* ARViewController.mm in Sources */,
				15CE8768164171EE005AE890 /* OverlayView.m in Sources */,
				15CE8769164171EE005AE890 /* OverlayViewController.mm in Sources */,
				15CE876A164171EE005AE890 /* QCARutils.mm in Sources */,
				15CE876D164171EE005AE890 /* ShaderUtils.cpp in Sources */,
				15CE876E164171EE005AE890 /* Texture.mm in Sources */,
				57EFA0DA174E87B6007D75D9 /* iPostalModalViewController.m in Sources */,
			);
			runOnlyForDeploymentPostprocessing = 0;
		};
/* End PBXSourcesBuildPhase section */

/* Begin XCBuildConfiguration section */
		15B2A9B91520A27D00138A7D /* Debug */ = {
			isa = XCBuildConfiguration;
			buildSettings = {
				CODE_SIGN_IDENTITY = "iPhone Developer";
				GCC_C_LANGUAGE_STANDARD = gnu99;
				GCC_OPTIMIZATION_LEVEL = 0;
				GCC_PREPROCESSOR_DEFINITIONS = DEBUG;
				GCC_SYMBOLS_PRIVATE_EXTERN = NO;
				GCC_VERSION = "";
				GCC_WARN_ABOUT_RETURN_TYPE = YES;
				GCC_WARN_UNUSED_VARIABLE = YES;
				IPHONEOS_DEPLOYMENT_TARGET = 4.1;
				OTHER_CFLAGS = "-mfpu=vfp";
				"OTHER_CFLAGS[arch=armv7]" = "-mfpu=neon";
				"OTHER_CPLUSPLUSFLAGS[arch=armv7]" = "$(OTHER_CFLAGS)";
				SDKROOT = iphoneos;
				TARGETED_DEVICE_FAMILY = "1,2";
			};
			name = Debug;
		};
		15B2A9BA1520A27D00138A7D /* Release */ = {
			isa = XCBuildConfiguration;
			buildSettings = {
				CODE_SIGN_IDENTITY = "iPhone Developer";
				GCC_C_LANGUAGE_STANDARD = gnu99;
				GCC_VERSION = "";
				GCC_WARN_ABOUT_RETURN_TYPE = YES;
				GCC_WARN_UNUSED_VARIABLE = YES;
				IPHONEOS_DEPLOYMENT_TARGET = 4.1;
				OTHER_CFLAGS = (
					"-mfpu=vfp",
					"-DNS_BLOCK_ASSERTIONS=1",
				);
				"OTHER_CFLAGS[arch=armv7]" = (
					"-mfpu=neon",
					"-DNS_BLOCK_ASSERTIONS=1",
				);
				"OTHER_CPLUSPLUSFLAGS[arch=armv7]" = "$(OTHER_CFLAGS)";
				SDKROOT = iphoneos;
				TARGETED_DEVICE_FAMILY = "1,2";
			};
			name = Release;
		};
		15B2A9BC1520A27D00138A7D /* Debug */ = {
			isa = XCBuildConfiguration;
			buildSettings = {
				ALWAYS_SEARCH_USER_PATHS = YES;
				ARCHS = (
					armv7,
					armv6,
				);
				CODE_SIGN_IDENTITY = "iPhone Distribution: iPostal Impressao Digital Ltda (4A9GV2T45H)";
				"CODE_SIGN_IDENTITY[sdk=*]" = "iPhone Developer";
				COPY_PHASE_STRIP = NO;
				GCC_DYNAMIC_NO_PIC = NO;
				GCC_PRECOMPILE_PREFIX_HEADER = YES;
				GCC_PREFIX_HEADER = "VideoPlayback/VideoPlayback-Prefix.pch";
				GCC_PREPROCESSOR_DEFINITIONS = (
					DEBUG,
					"$(CONFIGURATION_FLAGS_DEFINE)",
				);
				GCC_THUMB_SUPPORT = NO;
				HEADER_SEARCH_PATHS = "$(SRCROOT)/Libraries";
				INFOPLIST_FILE = "VideoPlayback/VideoPlayback-Info.plist";
				IPHONEOS_DEPLOYMENT_TARGET = 4.3;
				LIBRARY_SEARCH_PATHS = (
					../../build/lib/arm,
					"\"$(SRCROOT)/../../Development/iOS/vuforia-sdk-ios-2-0-32/build/lib/arm\"",
					"\"$(SRCROOT)\"",
				);
				PRODUCT_NAME = "$(TARGET_NAME)";
				USER_HEADER_SEARCH_PATHS = "$(SRCROOT)/Libraries";
				"USER_HEADER_SEARCH_PATHS[arch=*]" = "$(SRCROOT)/QCAR";
				VALID_ARCHS = armv7;
				WRAPPER_EXTENSION = app;
			};
			name = Debug;
		};
		15B2A9BD1520A27D00138A7D /* Release */ = {
			isa = XCBuildConfiguration;
			buildSettings = {
				ALWAYS_SEARCH_USER_PATHS = YES;
				ARCHS = (
					armv7,
					armv6,
				);
				CODE_SIGN_IDENTITY = "iPhone Distribution: iPostal Impressao Digital Ltda (4A9GV2T45H)";
				COPY_PHASE_STRIP = YES;
				GCC_PRECOMPILE_PREFIX_HEADER = YES;
				GCC_PREFIX_HEADER = "VideoPlayback/VideoPlayback-Prefix.pch";
				GCC_PREPROCESSOR_DEFINITIONS = (
					NDEBUG,
					NS_BLOCK_ASSERTIONS,
					"$(CONFIGURATION_FLAGS_DEFINE)",
				);
				GCC_THUMB_SUPPORT = NO;
				HEADER_SEARCH_PATHS = "$(SRCROOT)/Libraries";
				INFOPLIST_FILE = "VideoPlayback/VideoPlayback-Info.plist";
				IPHONEOS_DEPLOYMENT_TARGET = 4.3;
				LIBRARY_SEARCH_PATHS = (
					../../build/lib/arm,
					"\"$(SRCROOT)/../../Development/iOS/vuforia-sdk-ios-2-0-32/build/lib/arm\"",
					"\"$(SRCROOT)\"",
				);
				PRODUCT_NAME = "$(TARGET_NAME)";
				PROVISIONING_PROFILE = "4EFF4BA7-ADB5-492A-B3CF-90F751BD82B5";
				USER_HEADER_SEARCH_PATHS = "$(SRCROOT)/Libraries";
				"USER_HEADER_SEARCH_PATHS[arch=*]" = "$(SRCROOT)/Libraries";
				VALIDATE_PRODUCT = YES;
				VALID_ARCHS = armv7;
				WRAPPER_EXTENSION = app;
			};
			name = Release;
		};
		15B2AA1B1520AC3800138A7D /* Distribution */ = {
			isa = XCBuildConfiguration;
			buildSettings = {
				CODE_SIGN_IDENTITY = "iPhone Developer";
				GCC_C_LANGUAGE_STANDARD = gnu99;
				GCC_VERSION = "";
				GCC_WARN_ABOUT_RETURN_TYPE = YES;
				GCC_WARN_UNUSED_VARIABLE = YES;
				IPHONEOS_DEPLOYMENT_TARGET = 4.1;
				OTHER_CFLAGS = (
					"-mfpu=vfp",
					"-DNS_BLOCK_ASSERTIONS=1",
				);
				"OTHER_CFLAGS[arch=armv7]" = (
					"-mfpu=neon",
					"-DNS_BLOCK_ASSERTIONS=1",
				);
				"OTHER_CPLUSPLUSFLAGS[arch=armv7]" = "$(OTHER_CFLAGS)";
				SDKROOT = iphoneos;
				TARGETED_DEVICE_FAMILY = "1,2";
			};
			name = Distribution;
		};
		15B2AA1C1520AC3800138A7D /* Distribution */ = {
			isa = XCBuildConfiguration;
			buildSettings = {
				ALWAYS_SEARCH_USER_PATHS = YES;
				ARCHS = (
					armv7,
					armv6,
				);
				CODE_SIGN_IDENTITY = "iPhone Distribution: iPostal Impressao Digital Ltda (4A9GV2T45H)";
				COPY_PHASE_STRIP = YES;
				GCC_PRECOMPILE_PREFIX_HEADER = YES;
				GCC_PREFIX_HEADER = "VideoPlayback/VideoPlayback-Prefix.pch";
				GCC_PREPROCESSOR_DEFINITIONS = (
					NDEBUG,
					NS_BLOCK_ASSERTIONS,
					"$(CONFIGURATION_FLAGS_DEFINE)",
				);
				GCC_THUMB_SUPPORT = NO;
				HEADER_SEARCH_PATHS = "$(SRCROOT)/Libraries";
				INFOPLIST_FILE = "VideoPlayback/VideoPlayback-Info.plist";
				IPHONEOS_DEPLOYMENT_TARGET = 4.3;
				LIBRARY_SEARCH_PATHS = (
					../../build/lib/arm,
					"\"$(SRCROOT)/../../Development/iOS/vuforia-sdk-ios-2-0-32/build/lib/arm\"",
					"\"$(SRCROOT)\"",
				);
				PRODUCT_NAME = "$(TARGET_NAME)";
				PROVISIONING_PROFILE = "4EFF4BA7-ADB5-492A-B3CF-90F751BD82B5";
				USER_HEADER_SEARCH_PATHS = "$(SRCROOT)/Libraries";
				VALIDATE_PRODUCT = YES;
				VALID_ARCHS = armv7;
				WRAPPER_EXTENSION = app;
			};
			name = Distribution;
		};
/* End XCBuildConfiguration section */

/* Begin XCConfigurationList section */
		15B2A98F1520A27C00138A7D /* Build configuration list for PBXProject "VideoPlayback" */ = {
			isa = XCConfigurationList;
			buildConfigurations = (
				15B2A9B91520A27D00138A7D /* Debug */,
				15B2A9BA1520A27D00138A7D /* Release */,
				15B2AA1B1520AC3800138A7D /* Distribution */,
			);
			defaultConfigurationIsVisible = 0;
			defaultConfigurationName = Release;
		};
		15B2A9BB1520A27D00138A7D /* Build configuration list for PBXNativeTarget "Leitor iPostal" */ = {
			isa = XCConfigurationList;
			buildConfigurations = (
				15B2A9BC1520A27D00138A7D /* Debug */,
				15B2A9BD1520A27D00138A7D /* Release */,
				15B2AA1C1520AC3800138A7D /* Distribution */,
			);
			defaultConfigurationIsVisible = 0;
			defaultConfigurationName = Release;
		};
/* End XCConfigurationList section */
	};
	rootObject = 15B2A98C1520A27C00138A7D /* Project object */;
}
